
Microsoft Visual Studio Solution File, Format Version 12.00
# Visual Studio Version 17
VisualStudioVersion = 17.5.002.0
MinimumVisualStudioVersion = 10.0.40219.1
Project("{9A19103F-16F7-4668-BE54-9A1E7A4F7556}") = "Nameless.Weather.App", "Nameless.Weather.App.csproj", "{D89C2198-1342-4544-9316-56B1FC591341}"
EndProject
Global
	GlobalSection(SolutionConfigurationPlatforms) = preSolution
		Debug|Any CPU = Debug|Any CPU
		Release|Any CPU = Release|Any CPU
	EndGlobalSection
	GlobalSection(ProjectConfigurationPlatforms) = postSolution
		{D89C2198-1342-4544-9316-56B1FC591341}.Debug|Any CPU.ActiveCfg = Debug|Any CPU
		{D89C2198-1342-4544-9316-56B1FC591341}.Debug|Any CPU.Build.0 = Debug|Any CPU
		{D89C2198-1342-4544-9316-56B1FC591341}.Release|Any CPU.ActiveCfg = Release|Any CPU
		{D89C2198-1342-4544-9316-56B1FC591341}.Release|Any CPU.Build.0 = Release|Any CPU
	EndGlobalSection
	GlobalSection(SolutionProperties) = preSolution
		HideSolutionNode = FALSE
	EndGlobalSection
	GlobalSection(ExtensibilityGlobals) = postSolution
		SolutionGuid = {A0903C9E-6B4E-41BD-B2F0-E8B6BBD08482}
	EndGlobalSection
EndGlobal
